
Microsoft Visual Studio Solution File, Format Version 12.00
# Visual Studio 14
VisualStudioVersion = 14.0.25420.1
MinimumVisualStudioVersion = 10.0.40219.1
Project("{FAE04EC0-301F-11D3-BF4B-00C04F79EFBC}") = "DataClient", "DataClient\DataClient.csproj", "{8C1AAF48-0805-405B-B58E-91FCE15E96A7}"
EndProject
Project("{FAE04EC0-301F-11D3-BF4B-00C04F79EFBC}") = "TestConsole", "TestConsole\TestConsole.csproj", "{974E9808-14C2-4EFD-B170-E3D0A592C694}"
EndProject
Project("{FAE04EC0-301F-11D3-BF4B-00C04F79EFBC}") = "ObjectModel", "ObjectModel\ObjectModel.csproj", "{171B67FD-6810-48A2-AB91-C12DCA6E06BF}"
EndProject
Project("{FAE04EC0-301F-11D3-BF4B-00C04F79EFBC}") = "DoConnectMobile", "DoConnectMobile\DoConnectMobile.csproj", "{D7EEB0E8-B403-43BF-905E-88EC5688A5A9}"
EndProject
Project("{00D1A9C2-B5F0-4AF3-8072-F6C62B433612}") = "DoConnectDB", "DoConnectDB\DoConnectDB.sqlproj", "{6247CEAC-EF10-4DFD-8D4C-DE8533D04B18}"
EndProject
Global
	GlobalSection(SolutionConfigurationPlatforms) = preSolution
		Debug|Any CPU = Debug|Any CPU
		Release|Any CPU = Release|Any CPU
	EndGlobalSection
	GlobalSection(ProjectConfigurationPlatforms) = postSolution
		{8C1AAF48-0805-405B-B58E-91FCE15E96A7}.Debug|Any CPU.ActiveCfg = Debug|Any CPU
		{8C1AAF48-0805-405B-B58E-91FCE15E96A7}.Debug|Any CPU.Build.0 = Debug|Any CPU
		{8C1AAF48-0805-405B-B58E-91FCE15E96A7}.Release|Any CPU.ActiveCfg = Release|Any CPU
		{8C1AAF48-0805-405B-B58E-91FCE15E96A7}.Release|Any CPU.Build.0 = Release|Any CPU
		{974E9808-14C2-4EFD-B170-E3D0A592C694}.Debug|Any CPU.ActiveCfg = Debug|Any CPU
		{974E9808-14C2-4EFD-B170-E3D0A592C694}.Debug|Any CPU.Build.0 = Debug|Any CPU
		{974E9808-14C2-4EFD-B170-E3D0A592C694}.Release|Any CPU.ActiveCfg = Release|Any CPU
		{974E9808-14C2-4EFD-B170-E3D0A592C694}.Release|Any CPU.Build.0 = Release|Any CPU
		{171B67FD-6810-48A2-AB91-C12DCA6E06BF}.Debug|Any CPU.ActiveCfg = Debug|Any CPU
		{171B67FD-6810-48A2-AB91-C12DCA6E06BF}.Debug|Any CPU.Build.0 = Debug|Any CPU
		{171B67FD-6810-48A2-AB91-C12DCA6E06BF}.Release|Any CPU.ActiveCfg = Release|Any CPU
		{171B67FD-6810-48A2-AB91-C12DCA6E06BF}.Release|Any CPU.Build.0 = Release|Any CPU
		{D7EEB0E8-B403-43BF-905E-88EC5688A5A9}.Debug|Any CPU.ActiveCfg = Debug|Any CPU
		{D7EEB0E8-B403-43BF-905E-88EC5688A5A9}.Debug|Any CPU.Build.0 = Debug|Any CPU
		{D7EEB0E8-B403-43BF-905E-88EC5688A5A9}.Debug|Any CPU.Deploy.0 = Debug|Any CPU
		{D7EEB0E8-B403-43BF-905E-88EC5688A5A9}.Release|Any CPU.ActiveCfg = Release|Any CPU
		{D7EEB0E8-B403-43BF-905E-88EC5688A5A9}.Release|Any CPU.Build.0 = Release|Any CPU
		{D7EEB0E8-B403-43BF-905E-88EC5688A5A9}.Release|Any CPU.Deploy.0 = Release|Any CPU
		{6247CEAC-EF10-4DFD-8D4C-DE8533D04B18}.Debug|Any CPU.ActiveCfg = Debug|Any CPU
		{6247CEAC-EF10-4DFD-8D4C-DE8533D04B18}.Debug|Any CPU.Build.0 = Debug|Any CPU
		{6247CEAC-EF10-4DFD-8D4C-DE8533D04B18}.Debug|Any CPU.Deploy.0 = Debug|Any CPU
		{6247CEAC-EF10-4DFD-8D4C-DE8533D04B18}.Release|Any CPU.ActiveCfg = Release|Any CPU
		{6247CEAC-EF10-4DFD-8D4C-DE8533D04B18}.Release|Any CPU.Build.0 = Release|Any CPU
		{6247CEAC-EF10-4DFD-8D4C-DE8533D04B18}.Release|Any CPU.Deploy.0 = Release|Any CPU
	EndGlobalSection
	GlobalSection(SolutionProperties) = preSolution
		HideSolutionNode = FALSE
	EndGlobalSection
EndGlobal
